
Microsoft Visual Studio Solution File, Format Version 11.00
# Visual Studio 2010
Project("{FAE04EC0-301F-11D3-BF4B-00C04F79EFBC}") = "DraggerDos", "DraggerDos\DraggerDos.csproj", "{94C12374-EB1F-40FA-BAB9-54239CB92CCB}"
EndProject
Project("{FAE04EC0-301F-11D3-BF4B-00C04F79EFBC}") = "MapDesigner", "MapDesigner\MapDesigner.csproj", "{73B69301-7052-4937-A659-0ECEFBC58067}"
EndProject
Project("{FAE04EC0-301F-11D3-BF4B-00C04F79EFBC}") = "DraggerWin", "DraggerWin\DraggerWin.csproj", "{914C9956-296C-4053-B688-3C552E3321B8}"
EndProject
Project("{FAE04EC0-301F-11D3-BF4B-00C04F79EFBC}") = "MapInverter", "MapInverter\MapInverter.csproj", "{B4FBD6FB-7058-4BDB-8C13-A8DE01C26BA0}"
EndProject
Global
	GlobalSection(SolutionConfigurationPlatforms) = preSolution
		Debug|Any CPU = Debug|Any CPU
		Release|Any CPU = Release|Any CPU
	EndGlobalSection
	GlobalSection(ProjectConfigurationPlatforms) = postSolution
		{94C12374-EB1F-40FA-BAB9-54239CB92CCB}.Debug|Any CPU.ActiveCfg = Debug|Any CPU
		{94C12374-EB1F-40FA-BAB9-54239CB92CCB}.Debug|Any CPU.Build.0 = Debug|Any CPU
		{94C12374-EB1F-40FA-BAB9-54239CB92CCB}.Release|Any CPU.ActiveCfg = Release|Any CPU
		{94C12374-EB1F-40FA-BAB9-54239CB92CCB}.Release|Any CPU.Build.0 = Release|Any CPU
		{73B69301-7052-4937-A659-0ECEFBC58067}.Debug|Any CPU.ActiveCfg = Debug|Any CPU
		{73B69301-7052-4937-A659-0ECEFBC58067}.Debug|Any CPU.Build.0 = Debug|Any CPU
		{73B69301-7052-4937-A659-0ECEFBC58067}.Release|Any CPU.ActiveCfg = Release|Any CPU
		{73B69301-7052-4937-A659-0ECEFBC58067}.Release|Any CPU.Build.0 = Release|Any CPU
		{914C9956-296C-4053-B688-3C552E3321B8}.Debug|Any CPU.ActiveCfg = Debug|Any CPU
		{914C9956-296C-4053-B688-3C552E3321B8}.Debug|Any CPU.Build.0 = Debug|Any CPU
		{914C9956-296C-4053-B688-3C552E3321B8}.Release|Any CPU.ActiveCfg = Release|Any CPU
		{914C9956-296C-4053-B688-3C552E3321B8}.Release|Any CPU.Build.0 = Release|Any CPU
		{B4FBD6FB-7058-4BDB-8C13-A8DE01C26BA0}.Debug|Any CPU.ActiveCfg = Debug|Any CPU
		{B4FBD6FB-7058-4BDB-8C13-A8DE01C26BA0}.Debug|Any CPU.Build.0 = Debug|Any CPU
		{B4FBD6FB-7058-4BDB-8C13-A8DE01C26BA0}.Release|Any CPU.ActiveCfg = Release|Any CPU
		{B4FBD6FB-7058-4BDB-8C13-A8DE01C26BA0}.Release|Any CPU.Build.0 = Release|Any CPU
	EndGlobalSection
	GlobalSection(SolutionProperties) = preSolution
		HideSolutionNode = FALSE
	EndGlobalSection
EndGlobal
